
Microsoft Visual Studio Solution File, Format Version 12.00
# Visual Studio Version 17
VisualStudioVersion = 17.14.36310.24 d17.14
MinimumVisualStudioVersion = 10.0.40219.1
Project("{FAE04EC0-301F-11D3-BF4B-00C04F79EFBC}") = "SocialMediaLinks", "SocialMediaLinks\SocialMediaLinks.csproj", "{D3DE01FD-F29F-4AD7-96E1-D8D43534E270}"
EndProject
Global
	GlobalSection(SolutionConfigurationPlatforms) = preSolution
		Debug|Any CPU = Debug|Any CPU
		Release|Any CPU = Release|Any CPU
	EndGlobalSection
	GlobalSection(ProjectConfigurationPlatforms) = postSolution
		{D3DE01FD-F29F-4AD7-96E1-D8D43534E270}.Debug|Any CPU.ActiveCfg = Debug|Any CPU
		{D3DE01FD-F29F-4AD7-96E1-D8D43534E270}.Debug|Any CPU.Build.0 = Debug|Any CPU
		{D3DE01FD-F29F-4AD7-96E1-D8D43534E270}.Release|Any CPU.ActiveCfg = Release|Any CPU
		{D3DE01FD-F29F-4AD7-96E1-D8D43534E270}.Release|Any CPU.Build.0 = Release|Any CPU
	EndGlobalSection
	GlobalSection(SolutionProperties) = preSolution
		HideSolutionNode = FALSE
	EndGlobalSection
	GlobalSection(ExtensibilityGlobals) = postSolution
		SolutionGuid = {4DA55454-5E94-4D96-A653-46A87B3BD5B0}
	EndGlobalSection
EndGlobal
